
Microsoft Visual Studio Solution File, Format Version 12.00
# Visual Studio Version 17
VisualStudioVersion = 17.6.33815.320
MinimumVisualStudioVersion = 10.0.40219.1
Project("{FAE04EC0-301F-11D3-BF4B-00C04F79EFBC}") = "dizi6", "dizi6\dizi6.csproj", "{BC9C607A-BB13-46A6-B458-1E99E99E5788}"
EndProject
Global
	GlobalSection(SolutionConfigurationPlatforms) = preSolution
		Debug|Any CPU = Debug|Any CPU
		Release|Any CPU = Release|Any CPU
	EndGlobalSection
	GlobalSection(ProjectConfigurationPlatforms) = postSolution
		{BC9C607A-BB13-46A6-B458-1E99E99E5788}.Debug|Any CPU.ActiveCfg = Debug|Any CPU
		{BC9C607A-BB13-46A6-B458-1E99E99E5788}.Debug|Any CPU.Build.0 = Debug|Any CPU
		{BC9C607A-BB13-46A6-B458-1E99E99E5788}.Release|Any CPU.ActiveCfg = Release|Any CPU
		{BC9C607A-BB13-46A6-B458-1E99E99E5788}.Release|Any CPU.Build.0 = Release|Any CPU
	EndGlobalSection
	GlobalSection(SolutionProperties) = preSolution
		HideSolutionNode = FALSE
	EndGlobalSection
	GlobalSection(ExtensibilityGlobals) = postSolution
		SolutionGuid = {F516EA42-8F61-4991-81E0-1BD2236A5FBC}
	EndGlobalSection
EndGlobal
