
Microsoft Visual Studio Solution File, Format Version 12.00
# Visual Studio Version 17
VisualStudioVersion = 17.6.33815.320
MinimumVisualStudioVersion = 10.0.40219.1
Project("{FAE04EC0-301F-11D3-BF4B-00C04F79EFBC}") = "ziraat", "ziraat\ziraat.csproj", "{B29CD3FD-FFD4-49B3-8502-EAFE7F9956EC}"
EndProject
Global
	GlobalSection(SolutionConfigurationPlatforms) = preSolution
		Debug|Any CPU = Debug|Any CPU
		Release|Any CPU = Release|Any CPU
	EndGlobalSection
	GlobalSection(ProjectConfigurationPlatforms) = postSolution
		{B29CD3FD-FFD4-49B3-8502-EAFE7F9956EC}.Debug|Any CPU.ActiveCfg = Debug|Any CPU
		{B29CD3FD-FFD4-49B3-8502-EAFE7F9956EC}.Debug|Any CPU.Build.0 = Debug|Any CPU
		{B29CD3FD-FFD4-49B3-8502-EAFE7F9956EC}.Release|Any CPU.ActiveCfg = Release|Any CPU
		{B29CD3FD-FFD4-49B3-8502-EAFE7F9956EC}.Release|Any CPU.Build.0 = Release|Any CPU
	EndGlobalSection
	GlobalSection(SolutionProperties) = preSolution
		HideSolutionNode = FALSE
	EndGlobalSection
	GlobalSection(ExtensibilityGlobals) = postSolution
		SolutionGuid = {C257B137-AD8E-4AAC-8F15-75A00B0A1C2F}
	EndGlobalSection
EndGlobal
